
Microsoft Visual Studio Solution File, Format Version 12.00
# Visual Studio 14
VisualStudioVersion = 14.0.23107.0
MinimumVisualStudioVersion = 10.0.40219.1
Project("{2150E333-8FDC-42A3-9474-1A3956D46DE8}") = "src", "src", "{FD42761B-DD80-48A0-AD6A-4447ED0BBE5B}"
EndProject
Project("{2150E333-8FDC-42A3-9474-1A3956D46DE8}") = "Solution Items", "Solution Items", "{FAE7F96D-34F5-497C-AF48-E450FBF95CBE}"
	ProjectSection(SolutionItems) = preProject
		global.json = global.json
	EndProjectSection
EndProject
Project("{8BB2217D-0F2D-49D1-97BC-3654ED321F3B}") = "dxSurvey", "src\dxSurvey\dxSurvey.xproj", "{9A8CAF7A-10E1-4AEB-B9C5-9B2BC7CC13D3}"
EndProject
Global
	GlobalSection(SolutionConfigurationPlatforms) = preSolution
		Debug|Any CPU = Debug|Any CPU
		Release|Any CPU = Release|Any CPU
	EndGlobalSection
	GlobalSection(ProjectConfigurationPlatforms) = postSolution
		{9A8CAF7A-10E1-4AEB-B9C5-9B2BC7CC13D3}.Debug|Any CPU.ActiveCfg = Debug|Any CPU
		{9A8CAF7A-10E1-4AEB-B9C5-9B2BC7CC13D3}.Debug|Any CPU.Build.0 = Debug|Any CPU
		{9A8CAF7A-10E1-4AEB-B9C5-9B2BC7CC13D3}.Release|Any CPU.ActiveCfg = Release|Any CPU
		{9A8CAF7A-10E1-4AEB-B9C5-9B2BC7CC13D3}.Release|Any CPU.Build.0 = Release|Any CPU
	EndGlobalSection
	GlobalSection(SolutionProperties) = preSolution
		HideSolutionNode = FALSE
	EndGlobalSection
	GlobalSection(NestedProjects) = preSolution
		{9A8CAF7A-10E1-4AEB-B9C5-9B2BC7CC13D3} = {FD42761B-DD80-48A0-AD6A-4447ED0BBE5B}
	EndGlobalSection
EndGlobal
